
Microsoft Visual Studio Solution File, Format Version 12.00
# Visual Studio 14
VisualStudioVersion = 14.0.25123.0
MinimumVisualStudioVersion = 10.0.40219.1
Project("{FAE04EC0-301F-11D3-BF4B-00C04F79EFBC}") = "BDJ.Enterprise", "BDJ.Enterprise\BDJ.Enterprise.csproj", "{E4E730FD-021A-4EA4-8975-82958D2F5C30}"
EndProject
Project("{FAE04EC0-301F-11D3-BF4B-00C04F79EFBC}") = "TestProject", "TestProject\TestProject.csproj", "{2BF348AE-FB35-49A4-846C-E51B84A5E4C3}"
EndProject
Global
	GlobalSection(SolutionConfigurationPlatforms) = preSolution
		Debug|Any CPU = Debug|Any CPU
		Release|Any CPU = Release|Any CPU
	EndGlobalSection
	GlobalSection(ProjectConfigurationPlatforms) = postSolution
		{E4E730FD-021A-4EA4-8975-82958D2F5C30}.Debug|Any CPU.ActiveCfg = Debug|Any CPU
		{E4E730FD-021A-4EA4-8975-82958D2F5C30}.Debug|Any CPU.Build.0 = Debug|Any CPU
		{E4E730FD-021A-4EA4-8975-82958D2F5C30}.Release|Any CPU.ActiveCfg = Release|Any CPU
		{E4E730FD-021A-4EA4-8975-82958D2F5C30}.Release|Any CPU.Build.0 = Release|Any CPU
		{2BF348AE-FB35-49A4-846C-E51B84A5E4C3}.Debug|Any CPU.ActiveCfg = Debug|Any CPU
		{2BF348AE-FB35-49A4-846C-E51B84A5E4C3}.Debug|Any CPU.Build.0 = Debug|Any CPU
		{2BF348AE-FB35-49A4-846C-E51B84A5E4C3}.Release|Any CPU.ActiveCfg = Release|Any CPU
		{2BF348AE-FB35-49A4-846C-E51B84A5E4C3}.Release|Any CPU.Build.0 = Release|Any CPU
	EndGlobalSection
	GlobalSection(SolutionProperties) = preSolution
		HideSolutionNode = FALSE
	EndGlobalSection
EndGlobal
